
Microsoft Visual Studio Solution File, Format Version 12.00
# Visual Studio 15
VisualStudioVersion = 15.0.28010.0
MinimumVisualStudioVersion = 10.0.40219.1
Project("{FAE04EC0-301F-11D3-BF4B-00C04F79EFBC}") = "Binding_02.Android", "Binding_02\Binding_02.Android\Binding_02.Android.csproj", "{59F7F266-48E2-4DAC-AF13-A7E9B76A6350}"
EndProject
Project("{FAE04EC0-301F-11D3-BF4B-00C04F79EFBC}") = "Binding_02.iOS", "Binding_02\Binding_02.iOS\Binding_02.iOS.csproj", "{1F2EC5F4-5988-4221-99D4-7BA969C09BB6}"
EndProject
Project("{FAE04EC0-301F-11D3-BF4B-00C04F79EFBC}") = "Binding_02", "Binding_02\Binding_02\Binding_02.csproj", "{9142B6EE-7413-45F2-BC65-416697769AFE}"
EndProject
Global
	GlobalSection(SolutionConfigurationPlatforms) = preSolution
		Ad-Hoc|Any CPU = Ad-Hoc|Any CPU
		Ad-Hoc|iPhone = Ad-Hoc|iPhone
		Ad-Hoc|iPhoneSimulator = Ad-Hoc|iPhoneSimulator
		AppStore|Any CPU = AppStore|Any CPU
		AppStore|iPhone = AppStore|iPhone
		AppStore|iPhoneSimulator = AppStore|iPhoneSimulator
		Debug|Any CPU = Debug|Any CPU
		Debug|iPhone = Debug|iPhone
		Debug|iPhoneSimulator = Debug|iPhoneSimulator
		Release|Any CPU = Release|Any CPU
		Release|iPhone = Release|iPhone
		Release|iPhoneSimulator = Release|iPhoneSimulator
	EndGlobalSection
	GlobalSection(ProjectConfigurationPlatforms) = postSolution
		{59F7F266-48E2-4DAC-AF13-A7E9B76A6350}.Ad-Hoc|Any CPU.ActiveCfg = Release|Any CPU
		{59F7F266-48E2-4DAC-AF13-A7E9B76A6350}.Ad-Hoc|Any CPU.Build.0 = Release|Any CPU
		{59F7F266-48E2-4DAC-AF13-A7E9B76A6350}.Ad-Hoc|Any CPU.Deploy.0 = Release|Any CPU
		{59F7F266-48E2-4DAC-AF13-A7E9B76A6350}.Ad-Hoc|iPhone.ActiveCfg = Release|Any CPU
		{59F7F266-48E2-4DAC-AF13-A7E9B76A6350}.Ad-Hoc|iPhone.Build.0 = Release|Any CPU
		{59F7F266-48E2-4DAC-AF13-A7E9B76A6350}.Ad-Hoc|iPhone.Deploy.0 = Release|Any CPU
		{59F7F266-48E2-4DAC-AF13-A7E9B76A6350}.Ad-Hoc|iPhoneSimulator.ActiveCfg = Release|Any CPU
		{59F7F266-48E2-4DAC-AF13-A7E9B76A6350}.Ad-Hoc|iPhoneSimulator.Build.0 = Release|Any CPU
		{59F7F266-48E2-4DAC-AF13-A7E9B76A6350}.Ad-Hoc|iPhoneSimulator.Deploy.0 = Release|Any CPU
		{59F7F266-48E2-4DAC-AF13-A7E9B76A6350}.AppStore|Any CPU.ActiveCfg = Release|Any CPU
		{59F7F266-48E2-4DAC-AF13-A7E9B76A6350}.AppStore|Any CPU.Build.0 = Release|Any CPU
		{59F7F266-48E2-4DAC-AF13-A7E9B76A6350}.AppStore|Any CPU.Deploy.0 = Release|Any CPU
		{59F7F266-48E2-4DAC-AF13-A7E9B76A6350}.AppStore|iPhone.ActiveCfg = Release|Any CPU
		{59F7F266-48E2-4DAC-AF13-A7E9B76A6350}.AppStore|iPhone.Build.0 = Release|Any CPU
		{59F7F266-48E2-4DAC-AF13-A7E9B76A6350}.AppStore|iPhone.Deploy.0 = Release|Any CPU
		{59F7F266-48E2-4DAC-AF13-A7E9B76A6350}.AppStore|iPhoneSimulator.ActiveCfg = Release|Any CPU
		{59F7F266-48E2-4DAC-AF13-A7E9B76A6350}.AppStore|iPhoneSimulator.Build.0 = Release|Any CPU
		{59F7F266-48E2-4DAC-AF13-A7E9B76A6350}.AppStore|iPhoneSimulator.Deploy.0 = Release|Any CPU
		{59F7F266-48E2-4DAC-AF13-A7E9B76A6350}.Debug|Any CPU.ActiveCfg = Debug|Any CPU
		{59F7F266-48E2-4DAC-AF13-A7E9B76A6350}.Debug|Any CPU.Build.0 = Debug|Any CPU
		{59F7F266-48E2-4DAC-AF13-A7E9B76A6350}.Debug|Any CPU.Deploy.0 = Debug|Any CPU
		{59F7F266-48E2-4DAC-AF13-A7E9B76A6350}.Debug|iPhone.ActiveCfg = Debug|Any CPU
		{59F7F266-48E2-4DAC-AF13-A7E9B76A6350}.Debug|iPhone.Build.0 = Debug|Any CPU
		{59F7F266-48E2-4DAC-AF13-A7E9B76A6350}.Debug|iPhone.Deploy.0 = Debug|Any CPU
		{59F7F266-48E2-4DAC-AF13-A7E9B76A6350}.Debug|iPhoneSimulator.ActiveCfg = Debug|Any CPU
		{59F7F266-48E2-4DAC-AF13-A7E9B76A6350}.Debug|iPhoneSimulator.Build.0 = Debug|Any CPU
		{59F7F266-48E2-4DAC-AF13-A7E9B76A6350}.Debug|iPhoneSimulator.Deploy.0 = Debug|Any CPU
		{59F7F266-48E2-4DAC-AF13-A7E9B76A6350}.Release|Any CPU.ActiveCfg = Release|Any CPU
		{59F7F266-48E2-4DAC-AF13-A7E9B76A6350}.Release|Any CPU.Build.0 = Release|Any CPU
		{59F7F266-48E2-4DAC-AF13-A7E9B76A6350}.Release|Any CPU.Deploy.0 = Release|Any CPU
		{59F7F266-48E2-4DAC-AF13-A7E9B76A6350}.Release|iPhone.ActiveCfg = Release|Any CPU
		{59F7F266-48E2-4DAC-AF13-A7E9B76A6350}.Release|iPhone.Build.0 = Release|Any CPU
		{59F7F266-48E2-4DAC-AF13-A7E9B76A6350}.Release|iPhone.Deploy.0 = Release|Any CPU
		{59F7F266-48E2-4DAC-AF13-A7E9B76A6350}.Release|iPhoneSimulator.ActiveCfg = Release|Any CPU
		{59F7F266-48E2-4DAC-AF13-A7E9B76A6350}.Release|iPhoneSimulator.Build.0 = Release|Any CPU
		{59F7F266-48E2-4DAC-AF13-A7E9B76A6350}.Release|iPhoneSimulator.Deploy.0 = Release|Any CPU
		{1F2EC5F4-5988-4221-99D4-7BA969C09BB6}.Ad-Hoc|Any CPU.ActiveCfg = Ad-Hoc|iPhone
		{1F2EC5F4-5988-4221-99D4-7BA969C09BB6}.Ad-Hoc|Any CPU.Build.0 = Ad-Hoc|iPhone
		{1F2EC5F4-5988-4221-99D4-7BA969C09BB6}.Ad-Hoc|Any CPU.Deploy.0 = Ad-Hoc|iPhone
		{1F2EC5F4-5988-4221-99D4-7BA969C09BB6}.Ad-Hoc|iPhone.ActiveCfg = Ad-Hoc|iPhone
		{1F2EC5F4-5988-4221-99D4-7BA969C09BB6}.Ad-Hoc|iPhone.Build.0 = Ad-Hoc|iPhone
		{1F2EC5F4-5988-4221-99D4-7BA969C09BB6}.Ad-Hoc|iPhone.Deploy.0 = Ad-Hoc|iPhone
		{1F2EC5F4-5988-4221-99D4-7BA969C09BB6}.Ad-Hoc|iPhoneSimulator.ActiveCfg = Ad-Hoc|iPhoneSimulator
		{1F2EC5F4-5988-4221-99D4-7BA969C09BB6}.Ad-Hoc|iPhoneSimulator.Build.0 = Ad-Hoc|iPhoneSimulator
		{1F2EC5F4-5988-4221-99D4-7BA969C09BB6}.Ad-Hoc|iPhoneSimulator.Deploy.0 = Ad-Hoc|iPhoneSimulator
		{1F2EC5F4-5988-4221-99D4-7BA969C09BB6}.AppStore|Any CPU.ActiveCfg = AppStore|iPhone
		{1F2EC5F4-5988-4221-99D4-7BA969C09BB6}.AppStore|Any CPU.Build.0 = AppStore|iPhone
		{1F2EC5F4-5988-4221-99D4-7BA969C09BB6}.AppStore|Any CPU.Deploy.0 = AppStore|iPhone
		{1F2EC5F4-5988-4221-99D4-7BA969C09BB6}.AppStore|iPhone.ActiveCfg = AppStore|iPhone
		{1F2EC5F4-5988-4221-99D4-7BA969C09BB6}.AppStore|iPhone.Build.0 = AppStore|iPhone
		{1F2EC5F4-5988-4221-99D4-7BA969C09BB6}.AppStore|iPhone.Deploy.0 = AppStore|iPhone
		{1F2EC5F4-5988-4221-99D4-7BA969C09BB6}.AppStore|iPhoneSimulator.ActiveCfg = AppStore|iPhoneSimulator
		{1F2EC5F4-5988-4221-99D4-7BA969C09BB6}.AppStore|iPhoneSimulator.Build.0 = AppStore|iPhoneSimulator
		{1F2EC5F4-5988-4221-99D4-7BA969C09BB6}.AppStore|iPhoneSimulator.Deploy.0 = AppStore|iPhoneSimulator
		{1F2EC5F4-5988-4221-99D4-7BA969C09BB6}.Debug|Any CPU.ActiveCfg = Debug|iPhone
		{1F2EC5F4-5988-4221-99D4-7BA969C09BB6}.Debug|Any CPU.Build.0 = Debug|iPhone
		{1F2EC5F4-5988-4221-99D4-7BA969C09BB6}.Debug|Any CPU.Deploy.0 = Debug|iPhone
		{1F2EC5F4-5988-4221-99D4-7BA969C09BB6}.Debug|iPhone.ActiveCfg = Debug|iPhone
		{1F2EC5F4-5988-4221-99D4-7BA969C09BB6}.Debug|iPhone.Build.0 = Debug|iPhone
		{1F2EC5F4-5988-4221-99D4-7BA969C09BB6}.Debug|iPhone.Deploy.0 = Debug|iPhone
		{1F2EC5F4-5988-4221-99D4-7BA969C09BB6}.Debug|iPhoneSimulator.ActiveCfg = Debug|iPhoneSimulator
		{1F2EC5F4-5988-4221-99D4-7BA969C09BB6}.Debug|iPhoneSimulator.Build.0 = Debug|iPhoneSimulator
		{1F2EC5F4-5988-4221-99D4-7BA969C09BB6}.Debug|iPhoneSimulator.Deploy.0 = Debug|iPhoneSimulator
		{1F2EC5F4-5988-4221-99D4-7BA969C09BB6}.Release|Any CPU.ActiveCfg = Release|iPhone
		{1F2EC5F4-5988-4221-99D4-7BA969C09BB6}.Release|Any CPU.Build.0 = Release|iPhone
		{1F2EC5F4-5988-4221-99D4-7BA969C09BB6}.Release|Any CPU.Deploy.0 = Release|iPhone
		{1F2EC5F4-5988-4221-99D4-7BA969C09BB6}.Release|iPhone.ActiveCfg = Release|iPhone
		{1F2EC5F4-5988-4221-99D4-7BA969C09BB6}.Release|iPhone.Build.0 = Release|iPhone
		{1F2EC5F4-5988-4221-99D4-7BA969C09BB6}.Release|iPhone.Deploy.0 = Release|iPhone
		{1F2EC5F4-5988-4221-99D4-7BA969C09BB6}.Release|iPhoneSimulator.ActiveCfg = Release|iPhoneSimulator
		{1F2EC5F4-5988-4221-99D4-7BA969C09BB6}.Release|iPhoneSimulator.Build.0 = Release|iPhoneSimulator
		{1F2EC5F4-5988-4221-99D4-7BA969C09BB6}.Release|iPhoneSimulator.Deploy.0 = Release|iPhoneSimulator
		{9142B6EE-7413-45F2-BC65-416697769AFE}.Ad-Hoc|Any CPU.ActiveCfg = Debug|Any CPU
		{9142B6EE-7413-45F2-BC65-416697769AFE}.Ad-Hoc|Any CPU.Build.0 = Debug|Any CPU
		{9142B6EE-7413-45F2-BC65-416697769AFE}.Ad-Hoc|Any CPU.Deploy.0 = Debug|Any CPU
		{9142B6EE-7413-45F2-BC65-416697769AFE}.Ad-Hoc|iPhone.ActiveCfg = Debug|Any CPU
		{9142B6EE-7413-45F2-BC65-416697769AFE}.Ad-Hoc|iPhone.Build.0 = Debug|Any CPU
		{9142B6EE-7413-45F2-BC65-416697769AFE}.Ad-Hoc|iPhone.Deploy.0 = Debug|Any CPU
		{9142B6EE-7413-45F2-BC65-416697769AFE}.Ad-Hoc|iPhoneSimulator.ActiveCfg = Debug|Any CPU
		{9142B6EE-7413-45F2-BC65-416697769AFE}.Ad-Hoc|iPhoneSimulator.Build.0 = Debug|Any CPU
		{9142B6EE-7413-45F2-BC65-416697769AFE}.Ad-Hoc|iPhoneSimulator.Deploy.0 = Debug|Any CPU
		{9142B6EE-7413-45F2-BC65-416697769AFE}.AppStore|Any CPU.ActiveCfg = Debug|Any CPU
		{9142B6EE-7413-45F2-BC65-416697769AFE}.AppStore|Any CPU.Build.0 = Debug|Any CPU
		{9142B6EE-7413-45F2-BC65-416697769AFE}.AppStore|Any CPU.Deploy.0 = Debug|Any CPU
		{9142B6EE-7413-45F2-BC65-416697769AFE}.AppStore|iPhone.ActiveCfg = Debug|Any CPU
		{9142B6EE-7413-45F2-BC65-416697769AFE}.AppStore|iPhone.Build.0 = Debug|Any CPU
		{9142B6EE-7413-45F2-BC65-416697769AFE}.AppStore|iPhone.Deploy.0 = Debug|Any CPU
		{9142B6EE-7413-45F2-BC65-416697769AFE}.AppStore|iPhoneSimulator.ActiveCfg = Debug|Any CPU
		{9142B6EE-7413-45F2-BC65-416697769AFE}.AppStore|iPhoneSimulator.Build.0 = Debug|Any CPU
		{9142B6EE-7413-45F2-BC65-416697769AFE}.AppStore|iPhoneSimulator.Deploy.0 = Debug|Any CPU
		{9142B6EE-7413-45F2-BC65-416697769AFE}.Debug|Any CPU.ActiveCfg = Debug|Any CPU
		{9142B6EE-7413-45F2-BC65-416697769AFE}.Debug|Any CPU.Build.0 = Debug|Any CPU
		{9142B6EE-7413-45F2-BC65-416697769AFE}.Debug|Any CPU.Deploy.0 = Debug|Any CPU
		{9142B6EE-7413-45F2-BC65-416697769AFE}.Debug|iPhone.ActiveCfg = Debug|Any CPU
		{9142B6EE-7413-45F2-BC65-416697769AFE}.Debug|iPhone.Build.0 = Debug|Any CPU
		{9142B6EE-7413-45F2-BC65-416697769AFE}.Debug|iPhone.Deploy.0 = Debug|Any CPU
		{9142B6EE-7413-45F2-BC65-416697769AFE}.Debug|iPhoneSimulator.ActiveCfg = Debug|Any CPU
		{9142B6EE-7413-45F2-BC65-416697769AFE}.Debug|iPhoneSimulator.Build.0 = Debug|Any CPU
		{9142B6EE-7413-45F2-BC65-416697769AFE}.Debug|iPhoneSimulator.Deploy.0 = Debug|Any CPU
		{9142B6EE-7413-45F2-BC65-416697769AFE}.Release|Any CPU.ActiveCfg = Release|Any CPU
		{9142B6EE-7413-45F2-BC65-416697769AFE}.Release|Any CPU.Build.0 = Release|Any CPU
		{9142B6EE-7413-45F2-BC65-416697769AFE}.Release|Any CPU.Deploy.0 = Release|Any CPU
		{9142B6EE-7413-45F2-BC65-416697769AFE}.Release|iPhone.ActiveCfg = Release|Any CPU
		{9142B6EE-7413-45F2-BC65-416697769AFE}.Release|iPhone.Build.0 = Release|Any CPU
		{9142B6EE-7413-45F2-BC65-416697769AFE}.Release|iPhone.Deploy.0 = Release|Any CPU
		{9142B6EE-7413-45F2-BC65-416697769AFE}.Release|iPhoneSimulator.ActiveCfg = Release|Any CPU
		{9142B6EE-7413-45F2-BC65-416697769AFE}.Release|iPhoneSimulator.Build.0 = Release|Any CPU
		{9142B6EE-7413-45F2-BC65-416697769AFE}.Release|iPhoneSimulator.Deploy.0 = Release|Any CPU
	EndGlobalSection
	GlobalSection(SolutionProperties) = preSolution
		HideSolutionNode = FALSE
	EndGlobalSection
	GlobalSection(ExtensibilityGlobals) = postSolution
		SolutionGuid = {CBB7A903-28FB-449B-9F9E-C53C56FF57FF}
	EndGlobalSection
EndGlobal
